// !$*UTF8*$!
{
	archiveVersion = 1;
	classes = {
	};
	objectVersion = 56;
	objects = {

/* Begin PBXBuildFile section */
		97FF453C2A2A7DEE00D5BD7F /* FlutterSidebarFakeWithSwiftUIApp.swift in Sources */ = {isa = PBXBuildFile; fileRef = 97FF453B2A2A7DEE00D5BD7F /* FlutterSidebarFakeWithSwiftUIApp.swift */; };
		97FF453E2A2A7DEE00D5BD7F /* ContentView.swift in Sources */ = {isa = PBXBuildFile; fileRef = 97FF453D2A2A7DEE00D5BD7F /* ContentView.swift */; };
		97FF45402A2A7DEF00D5BD7F /* Assets.xcassets in Resources */ = {isa = PBXBuildFile; fileRef = 97FF453F2A2A7DEF00D5BD7F /* Assets.xcassets */; };
		97FF45432A2A7DEF00D5BD7F /* Preview Assets.xcassets in Resources */ = {isa = PBXBuildFile; fileRef = 97FF45422A2A7DEF00D5BD7F /* Preview Assets.xcassets */; };
		97FF454A2A2A7E5C00D5BD7F /* SideBarView.swift in Sources */ = {isa = PBXBuildFile; fileRef = 97FF45492A2A7E5C00D5BD7F /* SideBarView.swift */; };
		97FF454C2A2A7E8300D5BD7F /* SideBarViewModel.swift in Sources */ = {isa = PBXBuildFile; fileRef = 97FF454B2A2A7E8300D5BD7F /* SideBarViewModel.swift */; };
		97FF454E2A2A7F7200D5BD7F /* HomeView.swift in Sources */ = {isa = PBXBuildFile; fileRef = 97FF454D2A2A7F7200D5BD7F /* HomeView.swift */; };
/* End PBXBuildFile section */

/* Begin PBXFileReference section */
		97FF45382A2A7DEE00D5BD7F /* FlutterSidebarFakeWithSwiftUI.app */ = {isa = PBXFileReference; explicitFileType = wrapper.application; includeInIndex = 0; path = FlutterSidebarFakeWithSwiftUI.app; sourceTree = BUILT_PRODUCTS_DIR; };
		97FF453B2A2A7DEE00D5BD7F /* FlutterSidebarFakeWithSwiftUIApp.swift */ = {isa = PBXFileReference; lastKnownFileType = sourcecode.swift; path = FlutterSidebarFakeWithSwiftUIApp.swift; sourceTree = "<group>"; };
		97FF453D2A2A7DEE00D5BD7F /* ContentView.swift */ = {isa = PBXFileReference; lastKnownFileType = sourcecode.swift; path = ContentView.swift; sourceTree = "<group>"; };
		97FF453F2A2A7DEF00D5BD7F /* Assets.xcassets */ = {isa = PBXFileReference; lastKnownFileType = folder.assetcatalog; path = Assets.xcassets; sourceTree = "<group>"; };
		97FF45422A2A7DEF00D5BD7F /* Preview Assets.xcassets */ = {isa = PBXFileReference; lastKnownFileType = folder.assetcatalog; path = "Preview Assets.xcassets"; sourceTree = "<group>"; };
		97FF45492A2A7E5C00D5BD7F /* SideBarView.swift */ = {isa = PBXFileReference; lastKnownFileType = sourcecode.swift; path = SideBarView.swift; sourceTree = "<group>"; };
		97FF454B2A2A7E8300D5BD7F /* SideBarViewModel.swift */ = {isa = PBXFileReference; lastKnownFileType = sourcecode.swift; path = SideBarViewModel.swift; sourceTree = "<group>"; };
		97FF454D2A2A7F7200D5BD7F /* HomeView.swift */ = {isa = PBXFileReference; lastKnownFileType = sourcecode.swift; path = HomeView.swift; sourceTree = "<group>"; };
/* End PBXFileReference section */

/* Begin PBXFrameworksBuildPhase section */
		97FF45352A2A7DEE00D5BD7F /* Frameworks */ = {
			isa = PBXFrameworksBuildPhase;
			buildActionMask = 2147483647;
			files = (
			);
			runOnlyForDeploymentPostprocessing = 0;
		};
/* End PBXFrameworksBuildPhase section */

/* Begin PBXGroup section */
		97FF452F2A2A7DEE00D5BD7F = {
			isa = PBXGroup;
			children = (
				97FF453A2A2A7DEE00D5BD7F /* FlutterSidebarFakeWithSwiftUI */,
				97FF45392A2A7DEE00D5BD7F /* Products */,
			);
			sourceTree = "<group>";
		};
		97FF45392A2A7DEE00D5BD7F /* Products */ = {
			isa = PBXGroup;
			children = (
				97FF45382A2A7DEE00D5BD7F /* FlutterSidebarFakeWithSwiftUI.app */,
			);
			name = Products;
			sourceTree = "<group>";
		};
		97FF453A2A2A7DEE00D5BD7F /* FlutterSidebarFakeWithSwiftUI */ = {
			isa = PBXGroup;
			children = (
				97FF453B2A2A7DEE00D5BD7F /* FlutterSidebarFakeWithSwiftUIApp.swift */,
				97FF453D2A2A7DEE00D5BD7F /* ContentView.swift */,
				97FF454D2A2A7F7200D5BD7F /* HomeView.swift */,
				97FF45492A2A7E5C00D5BD7F /* SideBarView.swift */,
				97FF454B2A2A7E8300D5BD7F /* SideBarViewModel.swift */,
				97FF453F2A2A7DEF00D5BD7F /* Assets.xcassets */,
				97FF45412A2A7DEF00D5BD7F /* Preview Content */,
			);
			path = FlutterSidebarFakeWithSwiftUI;
			sourceTree = "<group>";
		};
		97FF45412A2A7DEF00D5BD7F /* Preview Content */ = {
			isa = PBXGroup;
			children = (
				97FF45422A2A7DEF00D5BD7F /* Preview Assets.xcassets */,
			);
			path = "Preview Content";
			sourceTree = "<group>";
		};
/* End PBXGroup section */

/* Begin PBXNativeTarget section */
		97FF45372A2A7DEE00D5BD7F /* FlutterSidebarFakeWithSwiftUI */ = {
			isa = PBXNativeTarget;
			buildConfigurationList = 97FF45462A2A7DEF00D5BD7F /* Build configuration list for PBXNativeTarget "FlutterSidebarFakeWithSwiftUI" */;
			buildPhases = (
				97FF45342A2A7DEE00D5BD7F /* Sources */,
				97FF45352A2A7DEE00D5BD7F /* Frameworks */,
				97FF45362A2A7DEE00D5BD7F /* Resources */,
			);
			buildRules = (
			);
			dependencies = (
			);
			name = FlutterSidebarFakeWithSwiftUI;
			productName = FlutterSidebarFakeWithSwiftUI;
			productReference = 97FF45382A2A7DEE00D5BD7F /* FlutterSidebarFakeWithSwiftUI.app */;
			productType = "com.apple.product-type.application";
		};
/* End PBXNativeTarget section */

/* Begin PBXProject section */
		97FF45302A2A7DEE00D5BD7F /* Project object */ = {
			isa = PBXProject;
			attributes = {
				BuildIndependentTargetsInParallel = 1;
				LastSwiftUpdateCheck = 1430;
				LastUpgradeCheck = 1430;
				TargetAttributes = {
					97FF45372A2A7DEE00D5BD7F = {
						CreatedOnToolsVersion = 14.3.1;
					};
				};
			};
			buildConfigurationList = 97FF45332A2A7DEE00D5BD7F /* Build configuration list for PBXProject "FlutterSidebarFakeWithSwiftUI" */;
			compatibilityVersion = "Xcode 14.0";
			developmentRegion = en;
			hasScannedForEncodings = 0;
			knownRegions = (
				en,
				Base,
			);
			mainGroup = 97FF452F2A2A7DEE00D5BD7F;
			productRefGroup = 97FF45392A2A7DEE00D5BD7F /* Products */;
			projectDirPath = "";
			projectRoot = "";
			targets = (
				97FF45372A2A7DEE00D5BD7F /* FlutterSidebarFakeWithSwiftUI */,
			);
		};
/* End PBXProject section */

/* Begin PBXResourcesBuildPhase section */
		97FF45362A2A7DEE00D5BD7F /* Resources */ = {
			isa = PBXResourcesBuildPhase;
			buildActionMask = 2147483647;
			files = (
				97FF45432A2A7DEF00D5BD7F /* Preview Assets.xcassets in Resources */,
				97FF45402A2A7DEF00D5BD7F /* Assets.xcassets in Resources */,
			);
			runOnlyForDeploymentPostprocessing = 0;
		};
/* End PBXResourcesBuildPhase section */

/* Begin PBXSourcesBuildPhase section */
		97FF45342A2A7DEE00D5BD7F /* Sources */ = {
			isa = PBXSourcesBuildPhase;
			buildActionMask = 2147483647;
			files = (
				97FF454A2A2A7E5C00D5BD7F /* SideBarView.swift in Sources */,
				97FF453E2A2A7DEE00D5BD7F /* ContentView.swift in Sources */,
				97FF453C2A2A7DEE00D5BD7F /* FlutterSidebarFakeWithSwiftUIApp.swift in Sources */,
				97FF454E2A2A7F7200D5BD7F /* HomeView.swift in Sources */,
				97FF454C2A2A7E8300D5BD7F /* SideBarViewModel.swift in Sources */,
			);
			runOnlyForDeploymentPostprocessing = 0;
		};
/* End PBXSourcesBuildPhase section */

/* Begin XCBuildConfiguration section */
		97FF45442A2A7DEF00D5BD7F /* Debug */ = {
			isa = XCBuildConfiguration;
			buildSettings = {
				ALWAYS_SEARCH_USER_PATHS = NO;
				CLANG_ANALYZER_NONNULL = YES;
				CLANG_ANALYZER_NUMBER_OBJECT_CONVERSION = YES_AGGRESSIVE;
				CLANG_CXX_LANGUAGE_STANDARD = "gnu++20";
				CLANG_ENABLE_MODULES = YES;
				CLANG_ENABLE_OBJC_ARC = YES;
				CLANG_ENABLE_OBJC_WEAK = YES;
				CLANG_WARN_BLOCK_CAPTURE_AUTORELEASING = YES;
				CLANG_WARN_BOOL_CONVERSION = YES;
				CLANG_WARN_COMMA = YES;
				CLANG_WARN_CONSTANT_CONVERSION = YES;
				CLANG_WARN_DEPRECATED_OBJC_IMPLEMENTATIONS = YES;
				CLANG_WARN_DIRECT_OBJC_ISA_USAGE = YES_ERROR;
				CLANG_WARN_DOCUMENTATION_COMMENTS = YES;
				CLANG_WARN_EMPTY_BODY = YES;
				CLANG_WARN_ENUM_CONVERSION = YES;
				CLANG_WARN_INFINITE_RECURSION = YES;
				CLANG_WARN_INT_CONVERSION = YES;
				CLANG_WARN_NON_LITERAL_NULL_CONVERSION = YES;
				CLANG_WARN_OBJC_IMPLICIT_RETAIN_SELF = YES;
				CLANG_WARN_OBJC_LITERAL_CONVERSION = YES;
				CLANG_WARN_OBJC_ROOT_CLASS = YES_ERROR;
				CLANG_WARN_QUOTED_INCLUDE_IN_FRAMEWORK_HEADER = YES;
				CLANG_WARN_RANGE_LOOP_ANALYSIS = YES;
				CLANG_WARN_STRICT_PROTOTYPES = YES;
				CLANG_WARN_SUSPICIOUS_MOVE = YES;
				CLANG_WARN_UNGUARDED_AVAILABILITY = YES_AGGRESSIVE;
				CLANG_WARN_UNREACHABLE_CODE = YES;
				CLANG_WARN__DUPLICATE_METHOD_MATCH = YES;
				COPY_PHASE_STRIP = NO;
				DEBUG_INFORMATION_FORMAT = dwarf;
				ENABLE_STRICT_OBJC_MSGSEND = YES;
				ENABLE_TESTABILITY = YES;
				GCC_C_LANGUAGE_STANDARD = gnu11;
				GCC_DYNAMIC_NO_PIC = NO;
				GCC_NO_COMMON_BLOCKS = YES;
				GCC_OPTIMIZATION_LEVEL = 0;
				GCC_PREPROCESSOR_DEFINITIONS = (
					"DEBUG=1",
					"$(inherited)",
				);
				GCC_WARN_64_TO_32_BIT_CONVERSION = YES;
				GCC_WARN_ABOUT_RETURN_TYPE = YES_ERROR;
				GCC_WARN_UNDECLARED_SELECTOR = YES;
				GCC_WARN_UNINITIALIZED_AUTOS = YES_AGGRESSIVE;
				GCC_WARN_UNUSED_FUNCTION = YES;
				GCC_WARN_UNUSED_VARIABLE = YES;
				IPHONEOS_DEPLOYMENT_TARGET = 16.4;
				MTL_ENABLE_DEBUG_INFO = INCLUDE_SOURCE;
				MTL_FAST_MATH = YES;
				ONLY_ACTIVE_ARCH = YES;
				SDKROOT = iphoneos;
				SWIFT_ACTIVE_COMPILATION_CONDITIONS = DEBUG;
				SWIFT_OPTIMIZATION_LEVEL = "-Onone";
			};
			name = Debug;
		};
		97FF45452A2A7DEF00D5BD7F /* Release */ = {
			isa = XCBuildConfiguration;
			buildSettings = {
				ALWAYS_SEARCH_USER_PATHS = NO;
				CLANG_ANALYZER_NONNULL = YES;
				CLANG_ANALYZER_NUMBER_OBJECT_CONVERSION = YES_AGGRESSIVE;
				CLANG_CXX_LANGUAGE_STANDARD = "gnu++20";
				CLANG_ENABLE_MODULES = YES;
				CLANG_ENABLE_OBJC_ARC = YES;
				CLANG_ENABLE_OBJC_WEAK = YES;
				CLANG_WARN_BLOCK_CAPTURE_AUTORELEASING = YES;
				CLANG_WARN_BOOL_CONVERSION = YES;
				CLANG_WARN_COMMA = YES;
				CLANG_WARN_CONSTANT_CONVERSION = YES;
				CLANG_WARN_DEPRECATED_OBJC_IMPLEMENTATIONS = YES;
				CLANG_WARN_DIRECT_OBJC_ISA_USAGE = YES_ERROR;
				CLANG_WARN_DOCUMENTATION_COMMENTS = YES;
				CLANG_WARN_EMPTY_BODY = YES;
				CLANG_WARN_ENUM_CONVERSION = YES;
				CLANG_WARN_INFINITE_RECURSION = YES;
				CLANG_WARN_INT_CONVERSION = YES;
				CLANG_WARN_NON_LITERAL_NULL_CONVERSION = YES;
				CLANG_WARN_OBJC_IMPLICIT_RETAIN_SELF = YES;
				CLANG_WARN_OBJC_LITERAL_CONVERSION = YES;
				CLANG_WARN_OBJC_ROOT_CLASS = YES_ERROR;
				CLANG_WARN_QUOTED_INCLUDE_IN_FRAMEWORK_HEADER = YES;
				CLANG_WARN_RANGE_LOOP_ANALYSIS = YES;
				CLANG_WARN_STRICT_PROTOTYPES = YES;
				CLANG_WARN_SUSPICIOUS_MOVE = YES;
				CLANG_WARN_UNGUARDED_AVAILABILITY = YES_AGGRESSIVE;
				CLANG_WARN_UNREACHABLE_CODE = YES;
				CLANG_WARN__DUPLICATE_METHOD_MATCH = YES;
				COPY_PHASE_STRIP = NO;
				DEBUG_INFORMATION_FORMAT = "dwarf-with-dsym";
				ENABLE_NS_ASSERTIONS = NO;
				ENABLE_STRICT_OBJC_MSGSEND = YES;
				GCC_C_LANGUAGE_STANDARD = gnu11;
				GCC_NO_COMMON_BLOCKS = YES;
				GCC_WARN_64_TO_32_BIT_CONVERSION = YES;
				GCC_WARN_ABOUT_RETURN_TYPE = YES_ERROR;
				GCC_WARN_UNDECLARED_SELECTOR = YES;
				GCC_WARN_UNINITIALIZED_AUTOS = YES_AGGRESSIVE;
				GCC_WARN_UNUSED_FUNCTION = YES;
				GCC_WARN_UNUSED_VARIABLE = YES;
				IPHONEOS_DEPLOYMENT_TARGET = 16.4;
				MTL_ENABLE_DEBUG_INFO = NO;
				MTL_FAST_MATH = YES;
				SDKROOT = iphoneos;
				SWIFT_COMPILATION_MODE = wholemodule;
				SWIFT_OPTIMIZATION_LEVEL = "-O";
				VALIDATE_PRODUCT = YES;
			};
			name = Release;
		};
		97FF45472A2A7DEF00D5BD7F /* Debug */ = {
			isa = XCBuildConfiguration;
			buildSettings = {
				ASSETCATALOG_COMPILER_APPICON_NAME = AppIcon;
				ASSETCATALOG_COMPILER_GLOBAL_ACCENT_COLOR_NAME = AccentColor;
				CODE_SIGN_STYLE = Automatic;
				CURRENT_PROJECT_VERSION = 1;
				DEVELOPMENT_ASSET_PATHS = "\"FlutterSidebarFakeWithSwiftUI/Preview Content\"";
				DEVELOPMENT_TEAM = FYPDVM3FRG;
				ENABLE_PREVIEWS = YES;
				GENERATE_INFOPLIST_FILE = YES;
				INFOPLIST_KEY_UIApplicationSceneManifest_Generation = YES;
				INFOPLIST_KEY_UIApplicationSupportsIndirectInputEvents = YES;
				INFOPLIST_KEY_UILaunchScreen_Generation = YES;
				INFOPLIST_KEY_UISupportedInterfaceOrientations_iPad = "UIInterfaceOrientationPortrait UIInterfaceOrientationPortraitUpsideDown UIInterfaceOrientationLandscapeLeft UIInterfaceOrientationLandscapeRight";
				INFOPLIST_KEY_UISupportedInterfaceOrientations_iPhone = "UIInterfaceOrientationPortrait UIInterfaceOrientationLandscapeLeft UIInterfaceOrientationLandscapeRight";
				LD_RUNPATH_SEARCH_PATHS = (
					"$(inherited)",
					"@executable_path/Frameworks",
				);
				MARKETING_VERSION = 1.0;
				PRODUCT_BUNDLE_IDENTIFIER = pokotieru.FlutterSidebarFakeWithSwiftUI;
				PRODUCT_NAME = "$(TARGET_NAME)";
				SWIFT_EMIT_LOC_STRINGS = YES;
				SWIFT_VERSION = 5.0;
				TARGETED_DEVICE_FAMILY = "1,2";
			};
			name = Debug;
		};
		97FF45482A2A7DEF00D5BD7F /* Release */ = {
			isa = XCBuildConfiguration;
			buildSettings = {
				ASSETCATALOG_COMPILER_APPICON_NAME = AppIcon;
				ASSETCATALOG_COMPILER_GLOBAL_ACCENT_COLOR_NAME = AccentColor;
				CODE_SIGN_STYLE = Automatic;
				CURRENT_PROJECT_VERSION = 1;
				DEVELOPMENT_ASSET_PATHS = "\"FlutterSidebarFakeWithSwiftUI/Preview Content\"";
				DEVELOPMENT_TEAM = FYPDVM3FRG;
				ENABLE_PREVIEWS = YES;
				GENERATE_INFOPLIST_FILE = YES;
				INFOPLIST_KEY_UIApplicationSceneManifest_Generation = YES;
				INFOPLIST_KEY_UIApplicationSupportsIndirectInputEvents = YES;
				INFOPLIST_KEY_UILaunchScreen_Generation = YES;
				INFOPLIST_KEY_UISupportedInterfaceOrientations_iPad = "UIInterfaceOrientationPortrait UIInterfaceOrientationPortraitUpsideDown UIInterfaceOrientationLandscapeLeft UIInterfaceOrientationLandscapeRight";
				INFOPLIST_KEY_UISupportedInterfaceOrientations_iPhone = "UIInterfaceOrientationPortrait UIInterfaceOrientationLandscapeLeft UIInterfaceOrientationLandscapeRight";
				LD_RUNPATH_SEARCH_PATHS = (
					"$(inherited)",
					"@executable_path/Frameworks",
				);
				MARKETING_VERSION = 1.0;
				PRODUCT_BUNDLE_IDENTIFIER = pokotieru.FlutterSidebarFakeWithSwiftUI;
				PRODUCT_NAME = "$(TARGET_NAME)";
				SWIFT_EMIT_LOC_STRINGS = YES;
				SWIFT_VERSION = 5.0;
				TARGETED_DEVICE_FAMILY = "1,2";
			};
			name = Release;
		};
/* End XCBuildConfiguration section */

/* Begin XCConfigurationList section */
		97FF45332A2A7DEE00D5BD7F /* Build configuration list for PBXProject "FlutterSidebarFakeWithSwiftUI" */ = {
			isa = XCConfigurationList;
			buildConfigurations = (
				97FF45442A2A7DEF00D5BD7F /* Debug */,
				97FF45452A2A7DEF00D5BD7F /* Release */,
			);
			defaultConfigurationIsVisible = 0;
			defaultConfigurationName = Release;
		};
		97FF45462A2A7DEF00D5BD7F /* Build configuration list for PBXNativeTarget "FlutterSidebarFakeWithSwiftUI" */ = {
			isa = XCConfigurationList;
			buildConfigurations = (
				97FF45472A2A7DEF00D5BD7F /* Debug */,
				97FF45482A2A7DEF00D5BD7F /* Release */,
			);
			defaultConfigurationIsVisible = 0;
			defaultConfigurationName = Release;
		};
/* End XCConfigurationList section */
	};
	rootObject = 97FF45302A2A7DEE00D5BD7F /* Project object */;
}
